{
  "nodes": {
    "root": {
      "inputs": {
        "skills": "skills"
      }
    },
    "skills": {
      "locked": {
        "lastModified": 1773689660,
        "narHash": "sha256-irGBt9iyjGMa4rgRxnN0UUFYGNGUvWH6DK2hGk+JLpY=",
        "owner": "juspay",
        "repo": "skills",
        "rev": "765c76941e08b497f0b0472aa9d91cae811df4bc",
        "type": "github"
      },
      "original": {
        "owner": "juspay",
        "repo": "skills",
        "type": "github"
      }
    }
  },
  "root": "root",
  "version": 7
}
